// !$*UTF8*$!
{
	archiveVersion = 1;
	classes = {
	};
	objectVersion = 55;
	objects = {

/* Begin PBXBuildFile section */
		000EC3432714728C00CCA5C2 /* Chord WatchKit App.app in Embed Watch Content */ = {isa = PBXBuildFile; fileRef = 000EC3422714728C00CCA5C2 /* Chord WatchKit App.app */; settings = {ATTRIBUTES = (RemoveHeadersOnCopy, ); }; };
		000EC3482714728D00CCA5C2 /* Assets.xcassets in Resources */ = {isa = PBXBuildFile; fileRef = 000EC3472714728D00CCA5C2 /* Assets.xcassets */; };
		000EC34E2714728D00CCA5C2 /* Chord WatchKit Extension.appex in Embed App Extensions */ = {isa = PBXBuildFile; fileRef = 000EC34D2714728D00CCA5C2 /* Chord WatchKit Extension.appex */; settings = {ATTRIBUTES = (RemoveHeadersOnCopy, ); }; };
		000EC3532714728D00CCA5C2 /* ContentView.swift in Sources */ = {isa = PBXBuildFile; fileRef = 000EC3522714728D00CCA5C2 /* ContentView.swift */; };
		000EC3552714728D00CCA5C2 /* ChordApp.swift in Sources */ = {isa = PBXBuildFile; fileRef = 000EC3542714728D00CCA5C2 /* ChordApp.swift */; };
		000EC3572714728D00CCA5C2 /* ComplicationController.swift in Sources */ = {isa = PBXBuildFile; fileRef = 000EC3562714728D00CCA5C2 /* ComplicationController.swift */; };
		000EC3592714728D00CCA5C2 /* Assets.xcassets in Resources */ = {isa = PBXBuildFile; fileRef = 000EC3582714728D00CCA5C2 /* Assets.xcassets */; };
		000EC35C2714728D00CCA5C2 /* Preview Assets.xcassets in Resources */ = {isa = PBXBuildFile; fileRef = 000EC35B2714728D00CCA5C2 /* Preview Assets.xcassets */; };
		000EC36B27147EB300CCA5C2 /* Assets.xcassets in Resources */ = {isa = PBXBuildFile; fileRef = 000EC3582714728D00CCA5C2 /* Assets.xcassets */; };
		000EC36D27147EB500CCA5C2 /* Assets.xcassets in Resources */ = {isa = PBXBuildFile; fileRef = 000EC3582714728D00CCA5C2 /* Assets.xcassets */; };
		000EC36F271484B800CCA5C2 /* SoundPlayer.swift in Sources */ = {isa = PBXBuildFile; fileRef = 000EC36E271484B800CCA5C2 /* SoundPlayer.swift */; };
/* End PBXBuildFile section */

/* Begin PBXContainerItemProxy section */
		000EC3442714728C00CCA5C2 /* PBXContainerItemProxy */ = {
			isa = PBXContainerItemProxy;
			containerPortal = 000EC3382714728C00CCA5C2 /* Project object */;
			proxyType = 1;
			remoteGlobalIDString = 000EC3412714728C00CCA5C2;
			remoteInfo = "Chord WatchKit App";
		};
		000EC34F2714728D00CCA5C2 /* PBXContainerItemProxy */ = {
			isa = PBXContainerItemProxy;
			containerPortal = 000EC3382714728C00CCA5C2 /* Project object */;
			proxyType = 1;
			remoteGlobalIDString = 000EC34C2714728D00CCA5C2;
			remoteInfo = "Chord WatchKit Extension";
		};
/* End PBXContainerItemProxy section */

/* Begin PBXCopyFilesBuildPhase section */
		000EC3632714728D00CCA5C2 /* Embed App Extensions */ = {
			isa = PBXCopyFilesBuildPhase;
			buildActionMask = 2147483647;
			dstPath = "";
			dstSubfolderSpec = 13;
			files = (
				000EC34E2714728D00CCA5C2 /* Chord WatchKit Extension.appex in Embed App Extensions */,
			);
			name = "Embed App Extensions";
			runOnlyForDeploymentPostprocessing = 0;
		};
		000EC3672714728D00CCA5C2 /* Embed Watch Content */ = {
			isa = PBXCopyFilesBuildPhase;
			buildActionMask = 2147483647;
			dstPath = "$(CONTENTS_FOLDER_PATH)/Watch";
			dstSubfolderSpec = 16;
			files = (
				000EC3432714728C00CCA5C2 /* Chord WatchKit App.app in Embed Watch Content */,
			);
			name = "Embed Watch Content";
			runOnlyForDeploymentPostprocessing = 0;
		};
/* End PBXCopyFilesBuildPhase section */

/* Begin PBXFileReference section */
		000EC33E2714728C00CCA5C2 /* Chord.app */ = {isa = PBXFileReference; explicitFileType = wrapper.application; includeInIndex = 0; path = Chord.app; sourceTree = BUILT_PRODUCTS_DIR; };
		000EC3422714728C00CCA5C2 /* Chord WatchKit App.app */ = {isa = PBXFileReference; explicitFileType = wrapper.application; includeInIndex = 0; path = "Chord WatchKit App.app"; sourceTree = BUILT_PRODUCTS_DIR; };
		000EC3472714728D00CCA5C2 /* Assets.xcassets */ = {isa = PBXFileReference; lastKnownFileType = folder.assetcatalog; path = Assets.xcassets; sourceTree = "<group>"; };
		000EC34D2714728D00CCA5C2 /* Chord WatchKit Extension.appex */ = {isa = PBXFileReference; explicitFileType = "wrapper.app-extension"; includeInIndex = 0; path = "Chord WatchKit Extension.appex"; sourceTree = BUILT_PRODUCTS_DIR; };
		000EC3522714728D00CCA5C2 /* ContentView.swift */ = {isa = PBXFileReference; lastKnownFileType = sourcecode.swift; path = ContentView.swift; sourceTree = "<group>"; };
		000EC3542714728D00CCA5C2 /* ChordApp.swift */ = {isa = PBXFileReference; lastKnownFileType = sourcecode.swift; path = ChordApp.swift; sourceTree = "<group>"; };
		000EC3562714728D00CCA5C2 /* ComplicationController.swift */ = {isa = PBXFileReference; lastKnownFileType = sourcecode.swift; path = ComplicationController.swift; sourceTree = "<group>"; };
		000EC3582714728D00CCA5C2 /* Assets.xcassets */ = {isa = PBXFileReference; lastKnownFileType = folder.assetcatalog; path = Assets.xcassets; sourceTree = "<group>"; };
		000EC35B2714728D00CCA5C2 /* Preview Assets.xcassets */ = {isa = PBXFileReference; lastKnownFileType = folder.assetcatalog; path = "Preview Assets.xcassets"; sourceTree = "<group>"; };
		000EC35D2714728D00CCA5C2 /* Info.plist */ = {isa = PBXFileReference; lastKnownFileType = text.plist.xml; path = Info.plist; sourceTree = "<group>"; };
		000EC36E271484B800CCA5C2 /* SoundPlayer.swift */ = {isa = PBXFileReference; lastKnownFileType = sourcecode.swift; path = SoundPlayer.swift; sourceTree = "<group>"; };
/* End PBXFileReference section */

/* Begin PBXFrameworksBuildPhase section */
		000EC34A2714728D00CCA5C2 /* Frameworks */ = {
			isa = PBXFrameworksBuildPhase;
			buildActionMask = 2147483647;
			files = (
			);
			runOnlyForDeploymentPostprocessing = 0;
		};
/* End PBXFrameworksBuildPhase section */

/* Begin PBXGroup section */
		000EC3372714728C00CCA5C2 = {
			isa = PBXGroup;
			children = (
				000EC3462714728C00CCA5C2 /* Chord WatchKit App */,
				000EC3512714728D00CCA5C2 /* Chord WatchKit Extension */,
				000EC33F2714728C00CCA5C2 /* Products */,
			);
			sourceTree = "<group>";
		};
		000EC33F2714728C00CCA5C2 /* Products */ = {
			isa = PBXGroup;
			children = (
				000EC33E2714728C00CCA5C2 /* Chord.app */,
				000EC3422714728C00CCA5C2 /* Chord WatchKit App.app */,
				000EC34D2714728D00CCA5C2 /* Chord WatchKit Extension.appex */,
			);
			name = Products;
			sourceTree = "<group>";
		};
		000EC3462714728C00CCA5C2 /* Chord WatchKit App */ = {
			isa = PBXGroup;
			children = (
				000EC3472714728D00CCA5C2 /* Assets.xcassets */,
			);
			path = "Chord WatchKit App";
			sourceTree = "<group>";
		};
		000EC3512714728D00CCA5C2 /* Chord WatchKit Extension */ = {
			isa = PBXGroup;
			children = (
				000EC3522714728D00CCA5C2 /* ContentView.swift */,
				000EC36E271484B800CCA5C2 /* SoundPlayer.swift */,
				000EC3542714728D00CCA5C2 /* ChordApp.swift */,
				000EC3562714728D00CCA5C2 /* ComplicationController.swift */,
				000EC3582714728D00CCA5C2 /* Assets.xcassets */,
				000EC35D2714728D00CCA5C2 /* Info.plist */,
				000EC35A2714728D00CCA5C2 /* Preview Content */,
			);
			path = "Chord WatchKit Extension";
			sourceTree = "<group>";
		};
		000EC35A2714728D00CCA5C2 /* Preview Content */ = {
			isa = PBXGroup;
			children = (
				000EC35B2714728D00CCA5C2 /* Preview Assets.xcassets */,
			);
			path = "Preview Content";
			sourceTree = "<group>";
		};
/* End PBXGroup section */

/* Begin PBXNativeTarget section */
		000EC33D2714728C00CCA5C2 /* Chord */ = {
			isa = PBXNativeTarget;
			buildConfigurationList = 000EC3682714728D00CCA5C2 /* Build configuration list for PBXNativeTarget "Chord" */;
			buildPhases = (
				000EC33C2714728C00CCA5C2 /* Resources */,
				000EC3672714728D00CCA5C2 /* Embed Watch Content */,
			);
			buildRules = (
			);
			dependencies = (
				000EC3452714728C00CCA5C2 /* PBXTargetDependency */,
			);
			name = Chord;
			productName = Chord;
			productReference = 000EC33E2714728C00CCA5C2 /* Chord.app */;
			productType = "com.apple.product-type.application.watchapp2-container";
		};
		000EC3412714728C00CCA5C2 /* Chord WatchKit App */ = {
			isa = PBXNativeTarget;
			buildConfigurationList = 000EC3642714728D00CCA5C2 /* Build configuration list for PBXNativeTarget "Chord WatchKit App" */;
			buildPhases = (
				000EC3402714728C00CCA5C2 /* Resources */,
				000EC3632714728D00CCA5C2 /* Embed App Extensions */,
			);
			buildRules = (
			);
			dependencies = (
				000EC3502714728D00CCA5C2 /* PBXTargetDependency */,
			);
			name = "Chord WatchKit App";
			productName = "Chord WatchKit App";
			productReference = 000EC3422714728C00CCA5C2 /* Chord WatchKit App.app */;
			productType = "com.apple.product-type.application.watchapp2";
		};
		000EC34C2714728D00CCA5C2 /* Chord WatchKit Extension */ = {
			isa = PBXNativeTarget;
			buildConfigurationList = 000EC3602714728D00CCA5C2 /* Build configuration list for PBXNativeTarget "Chord WatchKit Extension" */;
			buildPhases = (
				000EC3492714728D00CCA5C2 /* Sources */,
				000EC34A2714728D00CCA5C2 /* Frameworks */,
				000EC34B2714728D00CCA5C2 /* Resources */,
			);
			buildRules = (
			);
			dependencies = (
			);
			name = "Chord WatchKit Extension";
			productName = "Chord WatchKit Extension";
			productReference = 000EC34D2714728D00CCA5C2 /* Chord WatchKit Extension.appex */;
			productType = "com.apple.product-type.watchkit2-extension";
		};
/* End PBXNativeTarget section */

/* Begin PBXProject section */
		000EC3382714728C00CCA5C2 /* Project object */ = {
			isa = PBXProject;
			attributes = {
				BuildIndependentTargetsInParallel = 1;
				LastSwiftUpdateCheck = 1300;
				LastUpgradeCheck = 1300;
				TargetAttributes = {
					000EC33D2714728C00CCA5C2 = {
						CreatedOnToolsVersion = 13.0;
						LastSwiftMigration = 1300;
					};
					000EC3412714728C00CCA5C2 = {
						CreatedOnToolsVersion = 13.0;
						LastSwiftMigration = 1300;
					};
					000EC34C2714728D00CCA5C2 = {
						CreatedOnToolsVersion = 13.0;
					};
				};
			};
			buildConfigurationList = 000EC33B2714728C00CCA5C2 /* Build configuration list for PBXProject "Chord" */;
			compatibilityVersion = "Xcode 13.0";
			developmentRegion = en;
			hasScannedForEncodings = 0;
			knownRegions = (
				en,
				Base,
			);
			mainGroup = 000EC3372714728C00CCA5C2;
			productRefGroup = 000EC33F2714728C00CCA5C2 /* Products */;
			projectDirPath = "";
			projectRoot = "";
			targets = (
				000EC33D2714728C00CCA5C2 /* Chord */,
				000EC3412714728C00CCA5C2 /* Chord WatchKit App */,
				000EC34C2714728D00CCA5C2 /* Chord WatchKit Extension */,
			);
		};
/* End PBXProject section */

/* Begin PBXResourcesBuildPhase section */
		000EC33C2714728C00CCA5C2 /* Resources */ = {
			isa = PBXResourcesBuildPhase;
			buildActionMask = 2147483647;
			files = (
				000EC36B27147EB300CCA5C2 /* Assets.xcassets in Resources */,
			);
			runOnlyForDeploymentPostprocessing = 0;
		};
		000EC3402714728C00CCA5C2 /* Resources */ = {
			isa = PBXResourcesBuildPhase;
			buildActionMask = 2147483647;
			files = (
				000EC36D27147EB500CCA5C2 /* Assets.xcassets in Resources */,
				000EC3482714728D00CCA5C2 /* Assets.xcassets in Resources */,
			);
			runOnlyForDeploymentPostprocessing = 0;
		};
		000EC34B2714728D00CCA5C2 /* Resources */ = {
			isa = PBXResourcesBuildPhase;
			buildActionMask = 2147483647;
			files = (
				000EC35C2714728D00CCA5C2 /* Preview Assets.xcassets in Resources */,
				000EC3592714728D00CCA5C2 /* Assets.xcassets in Resources */,
			);
			runOnlyForDeploymentPostprocessing = 0;
		};
/* End PBXResourcesBuildPhase section */

/* Begin PBXSourcesBuildPhase section */
		000EC3492714728D00CCA5C2 /* Sources */ = {
			isa = PBXSourcesBuildPhase;
			buildActionMask = 2147483647;
			files = (
				000EC3552714728D00CCA5C2 /* ChordApp.swift in Sources */,
				000EC3532714728D00CCA5C2 /* ContentView.swift in Sources */,
				000EC36F271484B800CCA5C2 /* SoundPlayer.swift in Sources */,
				000EC3572714728D00CCA5C2 /* ComplicationController.swift in Sources */,
			);
			runOnlyForDeploymentPostprocessing = 0;
		};
/* End PBXSourcesBuildPhase section */

/* Begin PBXTargetDependency section */
		000EC3452714728C00CCA5C2 /* PBXTargetDependency */ = {
			isa = PBXTargetDependency;
			target = 000EC3412714728C00CCA5C2 /* Chord WatchKit App */;
			targetProxy = 000EC3442714728C00CCA5C2 /* PBXContainerItemProxy */;
		};
		000EC3502714728D00CCA5C2 /* PBXTargetDependency */ = {
			isa = PBXTargetDependency;
			target = 000EC34C2714728D00CCA5C2 /* Chord WatchKit Extension */;
			targetProxy = 000EC34F2714728D00CCA5C2 /* PBXContainerItemProxy */;
		};
/* End PBXTargetDependency section */

/* Begin XCBuildConfiguration section */
		000EC35E2714728D00CCA5C2 /* Debug */ = {
			isa = XCBuildConfiguration;
			buildSettings = {
				ALWAYS_SEARCH_USER_PATHS = NO;
				CLANG_ANALYZER_NONNULL = YES;
				CLANG_ANALYZER_NUMBER_OBJECT_CONVERSION = YES_AGGRESSIVE;
				CLANG_CXX_LANGUAGE_STANDARD = "gnu++17";
				CLANG_CXX_LIBRARY = "libc++";
				CLANG_ENABLE_MODULES = YES;
				CLANG_ENABLE_OBJC_ARC = YES;
				CLANG_ENABLE_OBJC_WEAK = YES;
				CLANG_WARN_BLOCK_CAPTURE_AUTORELEASING = YES;
				CLANG_WARN_BOOL_CONVERSION = YES;
				CLANG_WARN_COMMA = YES;
				CLANG_WARN_CONSTANT_CONVERSION = YES;
				CLANG_WARN_DEPRECATED_OBJC_IMPLEMENTATIONS = YES;
				CLANG_WARN_DIRECT_OBJC_ISA_USAGE = YES_ERROR;
				CLANG_WARN_DOCUMENTATION_COMMENTS = YES;
				CLANG_WARN_EMPTY_BODY = YES;
				CLANG_WARN_ENUM_CONVERSION = YES;
				CLANG_WARN_INFINITE_RECURSION = YES;
				CLANG_WARN_INT_CONVERSION = YES;
				CLANG_WARN_NON_LITERAL_NULL_CONVERSION = YES;
				CLANG_WARN_OBJC_IMPLICIT_RETAIN_SELF = YES;
				CLANG_WARN_OBJC_LITERAL_CONVERSION = YES;
				CLANG_WARN_OBJC_ROOT_CLASS = YES_ERROR;
				CLANG_WARN_QUOTED_INCLUDE_IN_FRAMEWORK_HEADER = YES;
				CLANG_WARN_RANGE_LOOP_ANALYSIS = YES;
				CLANG_WARN_STRICT_PROTOTYPES = YES;
				CLANG_WARN_SUSPICIOUS_MOVE = YES;
				CLANG_WARN_UNGUARDED_AVAILABILITY = YES_AGGRESSIVE;
				CLANG_WARN_UNREACHABLE_CODE = YES;
				CLANG_WARN__DUPLICATE_METHOD_MATCH = YES;
				COPY_PHASE_STRIP = NO;
				DEBUG_INFORMATION_FORMAT = dwarf;
				ENABLE_STRICT_OBJC_MSGSEND = YES;
				ENABLE_TESTABILITY = YES;
				GCC_C_LANGUAGE_STANDARD = gnu11;
				GCC_DYNAMIC_NO_PIC = NO;
				GCC_NO_COMMON_BLOCKS = YES;
				GCC_OPTIMIZATION_LEVEL = 0;
				GCC_PREPROCESSOR_DEFINITIONS = (
					"DEBUG=1",
					"$(inherited)",
				);
				GCC_WARN_64_TO_32_BIT_CONVERSION = YES;
				GCC_WARN_ABOUT_RETURN_TYPE = YES_ERROR;
				GCC_WARN_UNDECLARED_SELECTOR = YES;
				GCC_WARN_UNINITIALIZED_AUTOS = YES_AGGRESSIVE;
				GCC_WARN_UNUSED_FUNCTION = YES;
				GCC_WARN_UNUSED_VARIABLE = YES;
				MTL_ENABLE_DEBUG_INFO = INCLUDE_SOURCE;
				MTL_FAST_MATH = YES;
				ONLY_ACTIVE_ARCH = YES;
				SDKROOT = iphoneos;
				SWIFT_ACTIVE_COMPILATION_CONDITIONS = DEBUG;
				SWIFT_OPTIMIZATION_LEVEL = "-Onone";
			};
			name = Debug;
		};
		000EC35F2714728D00CCA5C2 /* Release */ = {
			isa = XCBuildConfiguration;
			buildSettings = {
				ALWAYS_SEARCH_USER_PATHS = NO;
				CLANG_ANALYZER_NONNULL = YES;
				CLANG_ANALYZER_NUMBER_OBJECT_CONVERSION = YES_AGGRESSIVE;
				CLANG_CXX_LANGUAGE_STANDARD = "gnu++17";
				CLANG_CXX_LIBRARY = "libc++";
				CLANG_ENABLE_MODULES = YES;
				CLANG_ENABLE_OBJC_ARC = YES;
				CLANG_ENABLE_OBJC_WEAK = YES;
				CLANG_WARN_BLOCK_CAPTURE_AUTORELEASING = YES;
				CLANG_WARN_BOOL_CONVERSION = YES;
				CLANG_WARN_COMMA = YES;
				CLANG_WARN_CONSTANT_CONVERSION = YES;
				CLANG_WARN_DEPRECATED_OBJC_IMPLEMENTATIONS = YES;
				CLANG_WARN_DIRECT_OBJC_ISA_USAGE = YES_ERROR;
				CLANG_WARN_DOCUMENTATION_COMMENTS = YES;
				CLANG_WARN_EMPTY_BODY = YES;
				CLANG_WARN_ENUM_CONVERSION = YES;
				CLANG_WARN_INFINITE_RECURSION = YES;
				CLANG_WARN_INT_CONVERSION = YES;
				CLANG_WARN_NON_LITERAL_NULL_CONVERSION = YES;
				CLANG_WARN_OBJC_IMPLICIT_RETAIN_SELF = YES;
				CLANG_WARN_OBJC_LITERAL_CONVERSION = YES;
				CLANG_WARN_OBJC_ROOT_CLASS = YES_ERROR;
				CLANG_WARN_QUOTED_INCLUDE_IN_FRAMEWORK_HEADER = YES;
				CLANG_WARN_RANGE_LOOP_ANALYSIS = YES;
				CLANG_WARN_STRICT_PROTOTYPES = YES;
				CLANG_WARN_SUSPICIOUS_MOVE = YES;
				CLANG_WARN_UNGUARDED_AVAILABILITY = YES_AGGRESSIVE;
				CLANG_WARN_UNREACHABLE_CODE = YES;
				CLANG_WARN__DUPLICATE_METHOD_MATCH = YES;
				COPY_PHASE_STRIP = NO;
				DEBUG_INFORMATION_FORMAT = "dwarf-with-dsym";
				ENABLE_NS_ASSERTIONS = NO;
				ENABLE_STRICT_OBJC_MSGSEND = YES;
				GCC_C_LANGUAGE_STANDARD = gnu11;
				GCC_NO_COMMON_BLOCKS = YES;
				GCC_WARN_64_TO_32_BIT_CONVERSION = YES;
				GCC_WARN_ABOUT_RETURN_TYPE = YES_ERROR;
				GCC_WARN_UNDECLARED_SELECTOR = YES;
				GCC_WARN_UNINITIALIZED_AUTOS = YES_AGGRESSIVE;
				GCC_WARN_UNUSED_FUNCTION = YES;
				GCC_WARN_UNUSED_VARIABLE = YES;
				MTL_ENABLE_DEBUG_INFO = NO;
				MTL_FAST_MATH = YES;
				SDKROOT = iphoneos;
				SWIFT_COMPILATION_MODE = wholemodule;
				SWIFT_OPTIMIZATION_LEVEL = "-O";
				VALIDATE_PRODUCT = YES;
			};
			name = Release;
		};
		000EC3612714728D00CCA5C2 /* Debug */ = {
			isa = XCBuildConfiguration;
			buildSettings = {
				ASSETCATALOG_COMPILER_COMPLICATION_NAME = Complication;
				CODE_SIGN_STYLE = Automatic;
				CURRENT_PROJECT_VERSION = 1;
				DEVELOPMENT_ASSET_PATHS = "\"Chord WatchKit Extension/Preview Content\"";
				DEVELOPMENT_TEAM = TQZ56LF75L;
				ENABLE_PREVIEWS = YES;
				GENERATE_INFOPLIST_FILE = YES;
				INFOPLIST_FILE = "Chord WatchKit Extension/Info.plist";
				INFOPLIST_KEY_CFBundleDisplayName = "Chord WatchKit Extension";
				INFOPLIST_KEY_CLKComplicationPrincipalClass = "$(PRODUCT_MODULE_NAME).ComplicationController";
				INFOPLIST_KEY_NSHumanReadableCopyright = "";
				INFOPLIST_KEY_WKWatchOnly = YES;
				LD_RUNPATH_SEARCH_PATHS = (
					"$(inherited)",
					"@executable_path/Frameworks",
					"@executable_path/../../Frameworks",
				);
				MARKETING_VERSION = 1.0;
				PRODUCT_BUNDLE_IDENTIFIER = adash333.Chord.watchkitapp.watchkitextension;
				PRODUCT_NAME = "${TARGET_NAME}";
				SDKROOT = watchos;
				SKIP_INSTALL = YES;
				SWIFT_EMIT_LOC_STRINGS = YES;
				SWIFT_VERSION = 5.0;
				TARGETED_DEVICE_FAMILY = 4;
				WATCHOS_DEPLOYMENT_TARGET = 8.0;
			};
			name = Debug;
		};
		000EC3622714728D00CCA5C2 /* Release */ = {
			isa = XCBuildConfiguration;
			buildSettings = {
				ASSETCATALOG_COMPILER_COMPLICATION_NAME = Complication;
				CODE_SIGN_STYLE = Automatic;
				CURRENT_PROJECT_VERSION = 1;
				DEVELOPMENT_ASSET_PATHS = "\"Chord WatchKit Extension/Preview Content\"";
				DEVELOPMENT_TEAM = TQZ56LF75L;
				ENABLE_PREVIEWS = YES;
				GENERATE_INFOPLIST_FILE = YES;
				INFOPLIST_FILE = "Chord WatchKit Extension/Info.plist";
				INFOPLIST_KEY_CFBundleDisplayName = "Chord WatchKit Extension";
				INFOPLIST_KEY_CLKComplicationPrincipalClass = "$(PRODUCT_MODULE_NAME).ComplicationController";
				INFOPLIST_KEY_NSHumanReadableCopyright = "";
				INFOPLIST_KEY_WKWatchOnly = YES;
				LD_RUNPATH_SEARCH_PATHS = (
					"$(inherited)",
					"@executable_path/Frameworks",
					"@executable_path/../../Frameworks",
				);
				MARKETING_VERSION = 1.0;
				PRODUCT_BUNDLE_IDENTIFIER = adash333.Chord.watchkitapp.watchkitextension;
				PRODUCT_NAME = "${TARGET_NAME}";
				SDKROOT = watchos;
				SKIP_INSTALL = YES;
				SWIFT_EMIT_LOC_STRINGS = YES;
				SWIFT_VERSION = 5.0;
				TARGETED_DEVICE_FAMILY = 4;
				WATCHOS_DEPLOYMENT_TARGET = 8.0;
			};
			name = Release;
		};
		000EC3652714728D00CCA5C2 /* Debug */ = {
			isa = XCBuildConfiguration;
			buildSettings = {
				ALWAYS_EMBED_SWIFT_STANDARD_LIBRARIES = YES;
				ASSETCATALOG_COMPILER_APPICON_NAME = AppIcon;
				ASSETCATALOG_COMPILER_GLOBAL_ACCENT_COLOR_NAME = AccentColor;
				CLANG_ENABLE_MODULES = YES;
				CODE_SIGN_STYLE = Automatic;
				CURRENT_PROJECT_VERSION = 1;
				DEVELOPMENT_TEAM = TQZ56LF75L;
				GENERATE_INFOPLIST_FILE = YES;
				IBSC_MODULE = Chord_WatchKit_Extension;
				INFOPLIST_KEY_CFBundleDisplayName = "Chord WatchKit App";
				INFOPLIST_KEY_UISupportedInterfaceOrientations = "UIInterfaceOrientationPortrait UIInterfaceOrientationPortraitUpsideDown";
				LD_RUNPATH_SEARCH_PATHS = (
					"$(inherited)",
					"@executable_path/../Frameworks",
					"@loader_path/../Frameworks",
				);
				MARKETING_VERSION = 1.0;
				PRODUCT_BUNDLE_IDENTIFIER = adash333.Chord.watchkitapp;
				PRODUCT_NAME = "$(TARGET_NAME)";
				SDKROOT = watchos;
				SKIP_INSTALL = YES;
				SWIFT_EMIT_LOC_STRINGS = YES;
				SWIFT_OPTIMIZATION_LEVEL = "-Onone";
				SWIFT_VERSION = 5.0;
				TARGETED_DEVICE_FAMILY = 4;
				WATCHOS_DEPLOYMENT_TARGET = 8.0;
			};
			name = Debug;
		};
		000EC3662714728D00CCA5C2 /* Release */ = {
			isa = XCBuildConfiguration;
			buildSettings = {
				ALWAYS_EMBED_SWIFT_STANDARD_LIBRARIES = YES;
				ASSETCATALOG_COMPILER_APPICON_NAME = AppIcon;
				ASSETCATALOG_COMPILER_GLOBAL_ACCENT_COLOR_NAME = AccentColor;
				CLANG_ENABLE_MODULES = YES;
				CODE_SIGN_STYLE = Automatic;
				CURRENT_PROJECT_VERSION = 1;
				DEVELOPMENT_TEAM = TQZ56LF75L;
				GENERATE_INFOPLIST_FILE = YES;
				IBSC_MODULE = Chord_WatchKit_Extension;
				INFOPLIST_KEY_CFBundleDisplayName = "Chord WatchKit App";
				INFOPLIST_KEY_UISupportedInterfaceOrientations = "UIInterfaceOrientationPortrait UIInterfaceOrientationPortraitUpsideDown";
				LD_RUNPATH_SEARCH_PATHS = (
					"$(inherited)",
					"@executable_path/../Frameworks",
					"@loader_path/../Frameworks",
				);
				MARKETING_VERSION = 1.0;
				PRODUCT_BUNDLE_IDENTIFIER = adash333.Chord.watchkitapp;
				PRODUCT_NAME = "$(TARGET_NAME)";
				SDKROOT = watchos;
				SKIP_INSTALL = YES;
				SWIFT_EMIT_LOC_STRINGS = YES;
				SWIFT_VERSION = 5.0;
				TARGETED_DEVICE_FAMILY = 4;
				WATCHOS_DEPLOYMENT_TARGET = 8.0;
			};
			name = Release;
		};
		000EC3692714728D00CCA5C2 /* Debug */ = {
			isa = XCBuildConfiguration;
			buildSettings = {
				CLANG_ENABLE_MODULES = YES;
				CODE_SIGN_STYLE = Automatic;
				CURRENT_PROJECT_VERSION = 1;
				DEVELOPMENT_TEAM = TQZ56LF75L;
				LD_RUNPATH_SEARCH_PATHS = (
					"$(inherited)",
					"@executable_path/Frameworks",
					"@loader_path/Frameworks",
				);
				MARKETING_VERSION = 1.0;
				PRODUCT_BUNDLE_IDENTIFIER = adash333.Chord;
				PRODUCT_NAME = "$(TARGET_NAME)";
				SWIFT_OPTIMIZATION_LEVEL = "-Onone";
				SWIFT_VERSION = 5.0;
			};
			name = Debug;
		};
		000EC36A2714728D00CCA5C2 /* Release */ = {
			isa = XCBuildConfiguration;
			buildSettings = {
				CLANG_ENABLE_MODULES = YES;
				CODE_SIGN_STYLE = Automatic;
				CURRENT_PROJECT_VERSION = 1;
				DEVELOPMENT_TEAM = TQZ56LF75L;
				LD_RUNPATH_SEARCH_PATHS = (
					"$(inherited)",
					"@executable_path/Frameworks",
					"@loader_path/Frameworks",
				);
				MARKETING_VERSION = 1.0;
				PRODUCT_BUNDLE_IDENTIFIER = adash333.Chord;
				PRODUCT_NAME = "$(TARGET_NAME)";
				SWIFT_VERSION = 5.0;
			};
			name = Release;
		};
/* End XCBuildConfiguration section */

/* Begin XCConfigurationList section */
		000EC33B2714728C00CCA5C2 /* Build configuration list for PBXProject "Chord" */ = {
			isa = XCConfigurationList;
			buildConfigurations = (
				000EC35E2714728D00CCA5C2 /* Debug */,
				000EC35F2714728D00CCA5C2 /* Release */,
			);
			defaultConfigurationIsVisible = 0;
			defaultConfigurationName = Release;
		};
		000EC3602714728D00CCA5C2 /* Build configuration list for PBXNativeTarget "Chord WatchKit Extension" */ = {
			isa = XCConfigurationList;
			buildConfigurations = (
				000EC3612714728D00CCA5C2 /* Debug */,
				000EC3622714728D00CCA5C2 /* Release */,
			);
			defaultConfigurationIsVisible = 0;
			defaultConfigurationName = Release;
		};
		000EC3642714728D00CCA5C2 /* Build configuration list for PBXNativeTarget "Chord WatchKit App" */ = {
			isa = XCConfigurationList;
			buildConfigurations = (
				000EC3652714728D00CCA5C2 /* Debug */,
				000EC3662714728D00CCA5C2 /* Release */,
			);
			defaultConfigurationIsVisible = 0;
			defaultConfigurationName = Release;
		};
		000EC3682714728D00CCA5C2 /* Build configuration list for PBXNativeTarget "Chord" */ = {
			isa = XCConfigurationList;
			buildConfigurations = (
				000EC3692714728D00CCA5C2 /* Debug */,
				000EC36A2714728D00CCA5C2 /* Release */,
			);
			defaultConfigurationIsVisible = 0;
			defaultConfigurationName = Release;
		};
/* End XCConfigurationList section */
	};
	rootObject = 000EC3382714728C00CCA5C2 /* Project object */;
}
